// !$*UTF8*$!
{
	archiveVersion = 1;
	classes = {
	};
	objectVersion = 56;
	objects = {

/* Begin PBXBuildFile section */
		17725AC22AFE4DB9003101DF /* HikeApp.swift in Sources */ = {isa = PBXBuildFile; fileRef = 17725AC12AFE4DB9003101DF /* HikeApp.swift */; };
		17725AC42AFE4DB9003101DF /* ContentView.swift in Sources */ = {isa = PBXBuildFile; fileRef = 17725AC32AFE4DB9003101DF /* ContentView.swift */; };
		17725AC62AFE4DBC003101DF /* Assets.xcassets in Resources */ = {isa = PBXBuildFile; fileRef = 17725AC52AFE4DBC003101DF /* Assets.xcassets */; };
		17725AC92AFE4DBC003101DF /* Preview Assets.xcassets in Resources */ = {isa = PBXBuildFile; fileRef = 17725AC82AFE4DBC003101DF /* Preview Assets.xcassets */; };
		17725AD02AFE52A9003101DF /* CardView.swift in Sources */ = {isa = PBXBuildFile; fileRef = 17725ACF2AFE52A9003101DF /* CardView.swift */; };
		17725AD32AFE543B003101DF /* CustomBackgroungView.swift in Sources */ = {isa = PBXBuildFile; fileRef = 17725AD22AFE543B003101DF /* CustomBackgroungView.swift */; };
		17725AD82AFE55F5003101DF /* ColorExtension.swift in Sources */ = {isa = PBXBuildFile; fileRef = 17725AD72AFE55F5003101DF /* ColorExtension.swift */; };
		17725ADA2AFE5B81003101DF /* CustomButtonView.swift in Sources */ = {isa = PBXBuildFile; fileRef = 17725AD92AFE5B81003101DF /* CustomButtonView.swift */; };
		17725ADE2AFE63F2003101DF /* GradientButtonStyle.swift in Sources */ = {isa = PBXBuildFile; fileRef = 17725ADD2AFE63F2003101DF /* GradientButtonStyle.swift */; };
		17725AE02AFE6DD7003101DF /* CustomCircleView.swift in Sources */ = {isa = PBXBuildFile; fileRef = 17725ADF2AFE6DD7003101DF /* CustomCircleView.swift */; };
		17725AE22AFE7013003101DF /* MotionAnimationView.swift in Sources */ = {isa = PBXBuildFile; fileRef = 17725AE12AFE7013003101DF /* MotionAnimationView.swift */; };
		17725AE52AFE7676003101DF /* SettingsView.swift in Sources */ = {isa = PBXBuildFile; fileRef = 17725AE42AFE7676003101DF /* SettingsView.swift */; };
		17725AE82AFE88B3003101DF /* CustomListRowView.swift in Sources */ = {isa = PBXBuildFile; fileRef = 17725AE72AFE88B3003101DF /* CustomListRowView.swift */; };
/* End PBXBuildFile section */

/* Begin PBXFileReference section */
		17725ABE2AFE4DB9003101DF /* Hike.app */ = {isa = PBXFileReference; explicitFileType = wrapper.application; includeInIndex = 0; path = Hike.app; sourceTree = BUILT_PRODUCTS_DIR; };
		17725AC12AFE4DB9003101DF /* HikeApp.swift */ = {isa = PBXFileReference; lastKnownFileType = sourcecode.swift; path = HikeApp.swift; sourceTree = "<group>"; };
		17725AC32AFE4DB9003101DF /* ContentView.swift */ = {isa = PBXFileReference; lastKnownFileType = sourcecode.swift; path = ContentView.swift; sourceTree = "<group>"; };
		17725AC52AFE4DBC003101DF /* Assets.xcassets */ = {isa = PBXFileReference; lastKnownFileType = folder.assetcatalog; path = Assets.xcassets; sourceTree = "<group>"; };
		17725AC82AFE4DBC003101DF /* Preview Assets.xcassets */ = {isa = PBXFileReference; lastKnownFileType = folder.assetcatalog; path = "Preview Assets.xcassets"; sourceTree = "<group>"; };
		17725ACF2AFE52A9003101DF /* CardView.swift */ = {isa = PBXFileReference; lastKnownFileType = sourcecode.swift; path = CardView.swift; sourceTree = "<group>"; };
		17725AD22AFE543B003101DF /* CustomBackgroungView.swift */ = {isa = PBXFileReference; lastKnownFileType = sourcecode.swift; path = CustomBackgroungView.swift; sourceTree = "<group>"; };
		17725AD72AFE55F5003101DF /* ColorExtension.swift */ = {isa = PBXFileReference; lastKnownFileType = sourcecode.swift; path = ColorExtension.swift; sourceTree = "<group>"; };
		17725AD92AFE5B81003101DF /* CustomButtonView.swift */ = {isa = PBXFileReference; lastKnownFileType = sourcecode.swift; path = CustomButtonView.swift; sourceTree = "<group>"; };
		17725ADD2AFE63F2003101DF /* GradientButtonStyle.swift */ = {isa = PBXFileReference; lastKnownFileType = sourcecode.swift; path = GradientButtonStyle.swift; sourceTree = "<group>"; };
		17725ADF2AFE6DD7003101DF /* CustomCircleView.swift */ = {isa = PBXFileReference; lastKnownFileType = sourcecode.swift; path = CustomCircleView.swift; sourceTree = "<group>"; };
		17725AE12AFE7013003101DF /* MotionAnimationView.swift */ = {isa = PBXFileReference; lastKnownFileType = sourcecode.swift; path = MotionAnimationView.swift; sourceTree = "<group>"; };
		17725AE42AFE7676003101DF /* SettingsView.swift */ = {isa = PBXFileReference; lastKnownFileType = sourcecode.swift; path = SettingsView.swift; sourceTree = "<group>"; };
		17725AE72AFE88B3003101DF /* CustomListRowView.swift */ = {isa = PBXFileReference; lastKnownFileType = sourcecode.swift; path = CustomListRowView.swift; sourceTree = "<group>"; };
/* End PBXFileReference section */

/* Begin PBXFrameworksBuildPhase section */
		17725ABB2AFE4DB9003101DF /* Frameworks */ = {
			isa = PBXFrameworksBuildPhase;
			buildActionMask = 2147483647;
			files = (
			);
			runOnlyForDeploymentPostprocessing = 0;
		};
/* End PBXFrameworksBuildPhase section */

/* Begin PBXGroup section */
		17725AB52AFE4DB9003101DF = {
			isa = PBXGroup;
			children = (
				17725AD12AFE540B003101DF /* Component */,
				17725AD42AFE55C0003101DF /* Utility */,
				17725AC02AFE4DB9003101DF /* Hike */,
				17725ABF2AFE4DB9003101DF /* Products */,
			);
			sourceTree = "<group>";
		};
		17725ABF2AFE4DB9003101DF /* Products */ = {
			isa = PBXGroup;
			children = (
				17725ABE2AFE4DB9003101DF /* Hike.app */,
			);
			name = Products;
			sourceTree = "<group>";
		};
		17725AC02AFE4DB9003101DF /* Hike */ = {
			isa = PBXGroup;
			children = (
				17725AC12AFE4DB9003101DF /* HikeApp.swift */,
				17725AE32AFE765A003101DF /* Screen */,
				17725AC52AFE4DBC003101DF /* Assets.xcassets */,
				17725AC72AFE4DBC003101DF /* Preview Content */,
			);
			path = Hike;
			sourceTree = "<group>";
		};
		17725AC72AFE4DBC003101DF /* Preview Content */ = {
			isa = PBXGroup;
			children = (
				17725AC82AFE4DBC003101DF /* Preview Assets.xcassets */,
			);
			path = "Preview Content";
			sourceTree = "<group>";
		};
		17725AD12AFE540B003101DF /* Component */ = {
			isa = PBXGroup;
			children = (
				17725ACF2AFE52A9003101DF /* CardView.swift */,
				17725AD22AFE543B003101DF /* CustomBackgroungView.swift */,
				17725AD92AFE5B81003101DF /* CustomButtonView.swift */,
				17725ADF2AFE6DD7003101DF /* CustomCircleView.swift */,
				17725AE12AFE7013003101DF /* MotionAnimationView.swift */,
				17725AE72AFE88B3003101DF /* CustomListRowView.swift */,
			);
			path = Component;
			sourceTree = "<group>";
		};
		17725AD42AFE55C0003101DF /* Utility */ = {
			isa = PBXGroup;
			children = (
				17725AD72AFE55F5003101DF /* ColorExtension.swift */,
				17725ADD2AFE63F2003101DF /* GradientButtonStyle.swift */,
			);
			path = Utility;
			sourceTree = "<group>";
		};
		17725AE32AFE765A003101DF /* Screen */ = {
			isa = PBXGroup;
			children = (
				17725AC32AFE4DB9003101DF /* ContentView.swift */,
				17725AE42AFE7676003101DF /* SettingsView.swift */,
			);
			path = Screen;
			sourceTree = "<group>";
		};
/* End PBXGroup section */

/* Begin PBXNativeTarget section */
		17725ABD2AFE4DB9003101DF /* Hike */ = {
			isa = PBXNativeTarget;
			buildConfigurationList = 17725ACC2AFE4DBC003101DF /* Build configuration list for PBXNativeTarget "Hike" */;
			buildPhases = (
				17725ABA2AFE4DB9003101DF /* Sources */,
				17725ABB2AFE4DB9003101DF /* Frameworks */,
				17725ABC2AFE4DB9003101DF /* Resources */,
			);
			buildRules = (
			);
			dependencies = (
			);
			name = Hike;
			productName = Hike;
			productReference = 17725ABE2AFE4DB9003101DF /* Hike.app */;
			productType = "com.apple.product-type.application";
		};
/* End PBXNativeTarget section */

/* Begin PBXProject section */
		17725AB62AFE4DB9003101DF /* Project object */ = {
			isa = PBXProject;
			attributes = {
				BuildIndependentTargetsInParallel = 1;
				LastSwiftUpdateCheck = 1500;
				LastUpgradeCheck = 1500;
				TargetAttributes = {
					17725ABD2AFE4DB9003101DF = {
						CreatedOnToolsVersion = 15.0.1;
					};
				};
			};
			buildConfigurationList = 17725AB92AFE4DB9003101DF /* Build configuration list for PBXProject "Hike" */;
			compatibilityVersion = "Xcode 14.0";
			developmentRegion = en;
			hasScannedForEncodings = 0;
			knownRegions = (
				en,
				Base,
			);
			mainGroup = 17725AB52AFE4DB9003101DF;
			productRefGroup = 17725ABF2AFE4DB9003101DF /* Products */;
			projectDirPath = "";
			projectRoot = "";
			targets = (
				17725ABD2AFE4DB9003101DF /* Hike */,
			);
		};
/* End PBXProject section */

/* Begin PBXResourcesBuildPhase section */
		17725ABC2AFE4DB9003101DF /* Resources */ = {
			isa = PBXResourcesBuildPhase;
			buildActionMask = 2147483647;
			files = (
				17725AC92AFE4DBC003101DF /* Preview Assets.xcassets in Resources */,
				17725AC62AFE4DBC003101DF /* Assets.xcassets in Resources */,
			);
			runOnlyForDeploymentPostprocessing = 0;
		};
/* End PBXResourcesBuildPhase section */

/* Begin PBXSourcesBuildPhase section */
		17725ABA2AFE4DB9003101DF /* Sources */ = {
			isa = PBXSourcesBuildPhase;
			buildActionMask = 2147483647;
			files = (
				17725AC42AFE4DB9003101DF /* ContentView.swift in Sources */,
				17725AE02AFE6DD7003101DF /* CustomCircleView.swift in Sources */,
				17725AE82AFE88B3003101DF /* CustomListRowView.swift in Sources */,
				17725AD02AFE52A9003101DF /* CardView.swift in Sources */,
				17725AD32AFE543B003101DF /* CustomBackgroungView.swift in Sources */,
				17725ADA2AFE5B81003101DF /* CustomButtonView.swift in Sources */,
				17725AE52AFE7676003101DF /* SettingsView.swift in Sources */,
				17725ADE2AFE63F2003101DF /* GradientButtonStyle.swift in Sources */,
				17725AE22AFE7013003101DF /* MotionAnimationView.swift in Sources */,
				17725AC22AFE4DB9003101DF /* HikeApp.swift in Sources */,
				17725AD82AFE55F5003101DF /* ColorExtension.swift in Sources */,
			);
			runOnlyForDeploymentPostprocessing = 0;
		};
/* End PBXSourcesBuildPhase section */

/* Begin XCBuildConfiguration section */
		17725ACA2AFE4DBC003101DF /* Debug */ = {
			isa = XCBuildConfiguration;
			buildSettings = {
				ALWAYS_SEARCH_USER_PATHS = NO;
				ASSETCATALOG_COMPILER_GENERATE_SWIFT_ASSET_SYMBOL_EXTENSIONS = YES;
				CLANG_ANALYZER_NONNULL = YES;
				CLANG_ANALYZER_NUMBER_OBJECT_CONVERSION = YES_AGGRESSIVE;
				CLANG_CXX_LANGUAGE_STANDARD = "gnu++20";
				CLANG_ENABLE_MODULES = YES;
				CLANG_ENABLE_OBJC_ARC = YES;
				CLANG_ENABLE_OBJC_WEAK = YES;
				CLANG_WARN_BLOCK_CAPTURE_AUTORELEASING = YES;
				CLANG_WARN_BOOL_CONVERSION = YES;
				CLANG_WARN_COMMA = YES;
				CLANG_WARN_CONSTANT_CONVERSION = YES;
				CLANG_WARN_DEPRECATED_OBJC_IMPLEMENTATIONS = YES;
				CLANG_WARN_DIRECT_OBJC_ISA_USAGE = YES_ERROR;
				CLANG_WARN_DOCUMENTATION_COMMENTS = YES;
				CLANG_WARN_EMPTY_BODY = YES;
				CLANG_WARN_ENUM_CONVERSION = YES;
				CLANG_WARN_INFINITE_RECURSION = YES;
				CLANG_WARN_INT_CONVERSION = YES;
				CLANG_WARN_NON_LITERAL_NULL_CONVERSION = YES;
				CLANG_WARN_OBJC_IMPLICIT_RETAIN_SELF = YES;
				CLANG_WARN_OBJC_LITERAL_CONVERSION = YES;
				CLANG_WARN_OBJC_ROOT_CLASS = YES_ERROR;
				CLANG_WARN_QUOTED_INCLUDE_IN_FRAMEWORK_HEADER = YES;
				CLANG_WARN_RANGE_LOOP_ANALYSIS = YES;
				CLANG_WARN_STRICT_PROTOTYPES = YES;
				CLANG_WARN_SUSPICIOUS_MOVE = YES;
				CLANG_WARN_UNGUARDED_AVAILABILITY = YES_AGGRESSIVE;
				CLANG_WARN_UNREACHABLE_CODE = YES;
				CLANG_WARN__DUPLICATE_METHOD_MATCH = YES;
				COPY_PHASE_STRIP = NO;
				DEBUG_INFORMATION_FORMAT = dwarf;
				ENABLE_STRICT_OBJC_MSGSEND = YES;
				ENABLE_TESTABILITY = YES;
				ENABLE_USER_SCRIPT_SANDBOXING = YES;
				GCC_C_LANGUAGE_STANDARD = gnu17;
				GCC_DYNAMIC_NO_PIC = NO;
				GCC_NO_COMMON_BLOCKS = YES;
				GCC_OPTIMIZATION_LEVEL = 0;
				GCC_PREPROCESSOR_DEFINITIONS = (
					"DEBUG=1",
					"$(inherited)",
				);
				GCC_WARN_64_TO_32_BIT_CONVERSION = YES;
				GCC_WARN_ABOUT_RETURN_TYPE = YES_ERROR;
				GCC_WARN_UNDECLARED_SELECTOR = YES;
				GCC_WARN_UNINITIALIZED_AUTOS = YES_AGGRESSIVE;
				GCC_WARN_UNUSED_FUNCTION = YES;
				GCC_WARN_UNUSED_VARIABLE = YES;
				IPHONEOS_DEPLOYMENT_TARGET = 17.0;
				LOCALIZATION_PREFERS_STRING_CATALOGS = YES;
				MTL_ENABLE_DEBUG_INFO = INCLUDE_SOURCE;
				MTL_FAST_MATH = YES;
				ONLY_ACTIVE_ARCH = YES;
				SDKROOT = iphoneos;
				SWIFT_ACTIVE_COMPILATION_CONDITIONS = "DEBUG $(inherited)";
				SWIFT_OPTIMIZATION_LEVEL = "-Onone";
			};
			name = Debug;
		};
		17725ACB2AFE4DBC003101DF /* Release */ = {
			isa = XCBuildConfiguration;
			buildSettings = {
				ALWAYS_SEARCH_USER_PATHS = NO;
				ASSETCATALOG_COMPILER_GENERATE_SWIFT_ASSET_SYMBOL_EXTENSIONS = YES;
				CLANG_ANALYZER_NONNULL = YES;
				CLANG_ANALYZER_NUMBER_OBJECT_CONVERSION = YES_AGGRESSIVE;
				CLANG_CXX_LANGUAGE_STANDARD = "gnu++20";
				CLANG_ENABLE_MODULES = YES;
				CLANG_ENABLE_OBJC_ARC = YES;
				CLANG_ENABLE_OBJC_WEAK = YES;
				CLANG_WARN_BLOCK_CAPTURE_AUTORELEASING = YES;
				CLANG_WARN_BOOL_CONVERSION = YES;
				CLANG_WARN_COMMA = YES;
				CLANG_WARN_CONSTANT_CONVERSION = YES;
				CLANG_WARN_DEPRECATED_OBJC_IMPLEMENTATIONS = YES;
				CLANG_WARN_DIRECT_OBJC_ISA_USAGE = YES_ERROR;
				CLANG_WARN_DOCUMENTATION_COMMENTS = YES;
				CLANG_WARN_EMPTY_BODY = YES;
				CLANG_WARN_ENUM_CONVERSION = YES;
				CLANG_WARN_INFINITE_RECURSION = YES;
				CLANG_WARN_INT_CONVERSION = YES;
				CLANG_WARN_NON_LITERAL_NULL_CONVERSION = YES;
				CLANG_WARN_OBJC_IMPLICIT_RETAIN_SELF = YES;
				CLANG_WARN_OBJC_LITERAL_CONVERSION = YES;
				CLANG_WARN_OBJC_ROOT_CLASS = YES_ERROR;
				CLANG_WARN_QUOTED_INCLUDE_IN_FRAMEWORK_HEADER = YES;
				CLANG_WARN_RANGE_LOOP_ANALYSIS = YES;
				CLANG_WARN_STRICT_PROTOTYPES = YES;
				CLANG_WARN_SUSPICIOUS_MOVE = YES;
				CLANG_WARN_UNGUARDED_AVAILABILITY = YES_AGGRESSIVE;
				CLANG_WARN_UNREACHABLE_CODE = YES;
				CLANG_WARN__DUPLICATE_METHOD_MATCH = YES;
				COPY_PHASE_STRIP = NO;
				DEBUG_INFORMATION_FORMAT = "dwarf-with-dsym";
				ENABLE_NS_ASSERTIONS = NO;
				ENABLE_STRICT_OBJC_MSGSEND = YES;
				ENABLE_USER_SCRIPT_SANDBOXING = YES;
				GCC_C_LANGUAGE_STANDARD = gnu17;
				GCC_NO_COMMON_BLOCKS = YES;
				GCC_WARN_64_TO_32_BIT_CONVERSION = YES;
				GCC_WARN_ABOUT_RETURN_TYPE = YES_ERROR;
				GCC_WARN_UNDECLARED_SELECTOR = YES;
				GCC_WARN_UNINITIALIZED_AUTOS = YES_AGGRESSIVE;
				GCC_WARN_UNUSED_FUNCTION = YES;
				GCC_WARN_UNUSED_VARIABLE = YES;
				IPHONEOS_DEPLOYMENT_TARGET = 17.0;
				LOCALIZATION_PREFERS_STRING_CATALOGS = YES;
				MTL_ENABLE_DEBUG_INFO = NO;
				MTL_FAST_MATH = YES;
				SDKROOT = iphoneos;
				SWIFT_COMPILATION_MODE = wholemodule;
				VALIDATE_PRODUCT = YES;
			};
			name = Release;
		};
		17725ACD2AFE4DBC003101DF /* Debug */ = {
			isa = XCBuildConfiguration;
			buildSettings = {
				ASSETCATALOG_COMPILER_ALTERNATE_APPICON_NAMES = "Appicon-MagnifyingGlass Appicon-Map Appicon-Mushroom Appicon-Camera Appicon-Backpack Appicon-Campfire";
				ASSETCATALOG_COMPILER_APPICON_NAME = AppIcon;
				ASSETCATALOG_COMPILER_GLOBAL_ACCENT_COLOR_NAME = AccentColor;
				ASSETCATALOG_COMPILER_INCLUDE_ALL_APPICON_ASSETS = YES;
				CODE_SIGN_STYLE = Automatic;
				CURRENT_PROJECT_VERSION = 1;
				DEVELOPMENT_ASSET_PATHS = "\"Hike/Preview Content\"";
				DEVELOPMENT_TEAM = 4BN8YQ34A6;
				ENABLE_PREVIEWS = YES;
				GENERATE_INFOPLIST_FILE = YES;
				INFOPLIST_KEY_UIApplicationSceneManifest_Generation = YES;
				INFOPLIST_KEY_UIApplicationSupportsIndirectInputEvents = YES;
				INFOPLIST_KEY_UILaunchScreen_Generation = YES;
				INFOPLIST_KEY_UISupportedInterfaceOrientations_iPad = "UIInterfaceOrientationPortrait UIInterfaceOrientationPortraitUpsideDown UIInterfaceOrientationLandscapeLeft UIInterfaceOrientationLandscapeRight";
				INFOPLIST_KEY_UISupportedInterfaceOrientations_iPhone = "UIInterfaceOrientationPortrait UIInterfaceOrientationLandscapeLeft UIInterfaceOrientationLandscapeRight";
				LD_RUNPATH_SEARCH_PATHS = (
					"$(inherited)",
					"@executable_path/Frameworks",
				);
				MARKETING_VERSION = 1.0;
				PRODUCT_BUNDLE_IDENTIFIER = com.qwertikkk.Hike;
				PRODUCT_NAME = "$(TARGET_NAME)";
				SWIFT_EMIT_LOC_STRINGS = YES;
				SWIFT_VERSION = 5.0;
				TARGETED_DEVICE_FAMILY = "1,2";
			};
			name = Debug;
		};
		17725ACE2AFE4DBC003101DF /* Release */ = {
			isa = XCBuildConfiguration;
			buildSettings = {
				ASSETCATALOG_COMPILER_ALTERNATE_APPICON_NAMES = "Appicon-MagnifyingGlass Appicon-Map Appicon-Mushroom Appicon-Camera Appicon-Backpack Appicon-Campfire";
				ASSETCATALOG_COMPILER_APPICON_NAME = AppIcon;
				ASSETCATALOG_COMPILER_GLOBAL_ACCENT_COLOR_NAME = AccentColor;
				ASSETCATALOG_COMPILER_INCLUDE_ALL_APPICON_ASSETS = YES;
				CODE_SIGN_STYLE = Automatic;
				CURRENT_PROJECT_VERSION = 1;
				DEVELOPMENT_ASSET_PATHS = "\"Hike/Preview Content\"";
				DEVELOPMENT_TEAM = 4BN8YQ34A6;
				ENABLE_PREVIEWS = YES;
				GENERATE_INFOPLIST_FILE = YES;
				INFOPLIST_KEY_UIApplicationSceneManifest_Generation = YES;
				INFOPLIST_KEY_UIApplicationSupportsIndirectInputEvents = YES;
				INFOPLIST_KEY_UILaunchScreen_Generation = YES;
				INFOPLIST_KEY_UISupportedInterfaceOrientations_iPad = "UIInterfaceOrientationPortrait UIInterfaceOrientationPortraitUpsideDown UIInterfaceOrientationLandscapeLeft UIInterfaceOrientationLandscapeRight";
				INFOPLIST_KEY_UISupportedInterfaceOrientations_iPhone = "UIInterfaceOrientationPortrait UIInterfaceOrientationLandscapeLeft UIInterfaceOrientationLandscapeRight";
				LD_RUNPATH_SEARCH_PATHS = (
					"$(inherited)",
					"@executable_path/Frameworks",
				);
				MARKETING_VERSION = 1.0;
				PRODUCT_BUNDLE_IDENTIFIER = com.qwertikkk.Hike;
				PRODUCT_NAME = "$(TARGET_NAME)";
				SWIFT_EMIT_LOC_STRINGS = YES;
				SWIFT_VERSION = 5.0;
				TARGETED_DEVICE_FAMILY = "1,2";
			};
			name = Release;
		};
/* End XCBuildConfiguration section */

/* Begin XCConfigurationList section */
		17725AB92AFE4DB9003101DF /* Build configuration list for PBXProject "Hike" */ = {
			isa = XCConfigurationList;
			buildConfigurations = (
				17725ACA2AFE4DBC003101DF /* Debug */,
				17725ACB2AFE4DBC003101DF /* Release */,
			);
			defaultConfigurationIsVisible = 0;
			defaultConfigurationName = Release;
		};
		17725ACC2AFE4DBC003101DF /* Build configuration list for PBXNativeTarget "Hike" */ = {
			isa = XCConfigurationList;
			buildConfigurations = (
				17725ACD2AFE4DBC003101DF /* Debug */,
				17725ACE2AFE4DBC003101DF /* Release */,
			);
			defaultConfigurationIsVisible = 0;
			defaultConfigurationName = Release;
		};
/* End XCConfigurationList section */
	};
	rootObject = 17725AB62AFE4DB9003101DF /* Project object */;
}
